
Microsoft Visual Studio Solution File, Format Version 12.00
# Visual Studio 2012
Project("{FAE04EC0-301F-11D3-BF4B-00C04F79EFBC}") = "Npackd", "Npackd\Npackd.csproj", "{B28950AE-9FFD-441B-9389-E7F087754D62}"
EndProject
Global
	GlobalSection(SolutionConfigurationPlatforms) = preSolution
		Debug|Any CPU = Debug|Any CPU
		Release|Any CPU = Release|Any CPU
	EndGlobalSection
	GlobalSection(ProjectConfigurationPlatforms) = postSolution
		{B28950AE-9FFD-441B-9389-E7F087754D62}.Debug|Any CPU.ActiveCfg = Debug|Any CPU
		{B28950AE-9FFD-441B-9389-E7F087754D62}.Debug|Any CPU.Build.0 = Debug|Any CPU
		{B28950AE-9FFD-441B-9389-E7F087754D62}.Release|Any CPU.ActiveCfg = Release|Any CPU
		{B28950AE-9FFD-441B-9389-E7F087754D62}.Release|Any CPU.Build.0 = Release|Any CPU
	EndGlobalSection
	GlobalSection(SolutionProperties) = preSolution
		HideSolutionNode = FALSE
	EndGlobalSection
EndGlobal
